// !$*UTF8*$!
{
	archiveVersion = 1;
	classes = {
	};
	objectVersion = 56;
	objects = {

/* Begin PBXBuildFile section */
		954809522BA6DE730040F30D /* QKeyApp.swift in Sources */ = {isa = PBXBuildFile; fileRef = 954809512BA6DE730040F30D /* QKeyApp.swift */; };
		954809542BA6DE730040F30D /* ContentView.swift in Sources */ = {isa = PBXBuildFile; fileRef = 954809532BA6DE730040F30D /* ContentView.swift */; };
		954809562BA6DE750040F30D /* Assets.xcassets in Resources */ = {isa = PBXBuildFile; fileRef = 954809552BA6DE750040F30D /* Assets.xcassets */; };
		9548095A2BA6DE750040F30D /* Preview Assets.xcassets in Resources */ = {isa = PBXBuildFile; fileRef = 954809592BA6DE750040F30D /* Preview Assets.xcassets */; };
		954809642BA6DE750040F30D /* QKeyTests.swift in Sources */ = {isa = PBXBuildFile; fileRef = 954809632BA6DE750040F30D /* QKeyTests.swift */; };
		9548096E2BA6DE750040F30D /* QKeyUITests.swift in Sources */ = {isa = PBXBuildFile; fileRef = 9548096D2BA6DE750040F30D /* QKeyUITests.swift */; };
		954809702BA6DE750040F30D /* QKeyUITestsLaunchTests.swift in Sources */ = {isa = PBXBuildFile; fileRef = 9548096F2BA6DE750040F30D /* QKeyUITestsLaunchTests.swift */; };
/* End PBXBuildFile section */

/* Begin PBXContainerItemProxy section */
		954809602BA6DE750040F30D /* PBXContainerItemProxy */ = {
			isa = PBXContainerItemProxy;
			containerPortal = 954809462BA6DE730040F30D /* Project object */;
			proxyType = 1;
			remoteGlobalIDString = 9548094D2BA6DE730040F30D;
			remoteInfo = QKey;
		};
		9548096A2BA6DE750040F30D /* PBXContainerItemProxy */ = {
			isa = PBXContainerItemProxy;
			containerPortal = 954809462BA6DE730040F30D /* Project object */;
			proxyType = 1;
			remoteGlobalIDString = 9548094D2BA6DE730040F30D;
			remoteInfo = QKey;
		};
/* End PBXContainerItemProxy section */

/* Begin PBXFileReference section */
		9548094E2BA6DE730040F30D /* QKey.app */ = {isa = PBXFileReference; explicitFileType = wrapper.application; includeInIndex = 0; path = QKey.app; sourceTree = BUILT_PRODUCTS_DIR; };
		954809512BA6DE730040F30D /* QKeyApp.swift */ = {isa = PBXFileReference; lastKnownFileType = sourcecode.swift; path = QKeyApp.swift; sourceTree = "<group>"; };
		954809532BA6DE730040F30D /* ContentView.swift */ = {isa = PBXFileReference; lastKnownFileType = sourcecode.swift; path = ContentView.swift; sourceTree = "<group>"; };
		954809552BA6DE750040F30D /* Assets.xcassets */ = {isa = PBXFileReference; lastKnownFileType = folder.assetcatalog; path = Assets.xcassets; sourceTree = "<group>"; };
		954809572BA6DE750040F30D /* QKey.entitlements */ = {isa = PBXFileReference; lastKnownFileType = text.plist.entitlements; path = QKey.entitlements; sourceTree = "<group>"; };
		954809592BA6DE750040F30D /* Preview Assets.xcassets */ = {isa = PBXFileReference; lastKnownFileType = folder.assetcatalog; path = "Preview Assets.xcassets"; sourceTree = "<group>"; };
		9548095F2BA6DE750040F30D /* QKeyTests.xctest */ = {isa = PBXFileReference; explicitFileType = wrapper.cfbundle; includeInIndex = 0; path = QKeyTests.xctest; sourceTree = BUILT_PRODUCTS_DIR; };
		954809632BA6DE750040F30D /* QKeyTests.swift */ = {isa = PBXFileReference; lastKnownFileType = sourcecode.swift; path = QKeyTests.swift; sourceTree = "<group>"; };
		954809692BA6DE750040F30D /* QKeyUITests.xctest */ = {isa = PBXFileReference; explicitFileType = wrapper.cfbundle; includeInIndex = 0; path = QKeyUITests.xctest; sourceTree = BUILT_PRODUCTS_DIR; };
		9548096D2BA6DE750040F30D /* QKeyUITests.swift */ = {isa = PBXFileReference; lastKnownFileType = sourcecode.swift; path = QKeyUITests.swift; sourceTree = "<group>"; };
		9548096F2BA6DE750040F30D /* QKeyUITestsLaunchTests.swift */ = {isa = PBXFileReference; lastKnownFileType = sourcecode.swift; path = QKeyUITestsLaunchTests.swift; sourceTree = "<group>"; };
/* End PBXFileReference section */

/* Begin PBXFrameworksBuildPhase section */
		9548094B2BA6DE730040F30D /* Frameworks */ = {
			isa = PBXFrameworksBuildPhase;
			buildActionMask = 2147483647;
			files = (
			);
			runOnlyForDeploymentPostprocessing = 0;
		};
		9548095C2BA6DE750040F30D /* Frameworks */ = {
			isa = PBXFrameworksBuildPhase;
			buildActionMask = 2147483647;
			files = (
			);
			runOnlyForDeploymentPostprocessing = 0;
		};
		954809662BA6DE750040F30D /* Frameworks */ = {
			isa = PBXFrameworksBuildPhase;
			buildActionMask = 2147483647;
			files = (
			);
			runOnlyForDeploymentPostprocessing = 0;
		};
/* End PBXFrameworksBuildPhase section */

/* Begin PBXGroup section */
		954809452BA6DE730040F30D = {
			isa = PBXGroup;
			children = (
				954809502BA6DE730040F30D /* QKey */,
				954809622BA6DE750040F30D /* QKeyTests */,
				9548096C2BA6DE750040F30D /* QKeyUITests */,
				9548094F2BA6DE730040F30D /* Products */,
			);
			sourceTree = "<group>";
		};
		9548094F2BA6DE730040F30D /* Products */ = {
			isa = PBXGroup;
			children = (
				9548094E2BA6DE730040F30D /* QKey.app */,
				9548095F2BA6DE750040F30D /* QKeyTests.xctest */,
				954809692BA6DE750040F30D /* QKeyUITests.xctest */,
			);
			name = Products;
			sourceTree = "<group>";
		};
		954809502BA6DE730040F30D /* QKey */ = {
			isa = PBXGroup;
			children = (
				954809512BA6DE730040F30D /* QKeyApp.swift */,
				954809532BA6DE730040F30D /* ContentView.swift */,
				954809552BA6DE750040F30D /* Assets.xcassets */,
				954809572BA6DE750040F30D /* QKey.entitlements */,
				954809582BA6DE750040F30D /* Preview Content */,
			);
			path = QKey;
			sourceTree = "<group>";
		};
		954809582BA6DE750040F30D /* Preview Content */ = {
			isa = PBXGroup;
			children = (
				954809592BA6DE750040F30D /* Preview Assets.xcassets */,
			);
			path = "Preview Content";
			sourceTree = "<group>";
		};
		954809622BA6DE750040F30D /* QKeyTests */ = {
			isa = PBXGroup;
			children = (
				954809632BA6DE750040F30D /* QKeyTests.swift */,
			);
			path = QKeyTests;
			sourceTree = "<group>";
		};
		9548096C2BA6DE750040F30D /* QKeyUITests */ = {
			isa = PBXGroup;
			children = (
				9548096D2BA6DE750040F30D /* QKeyUITests.swift */,
				9548096F2BA6DE750040F30D /* QKeyUITestsLaunchTests.swift */,
			);
			path = QKeyUITests;
			sourceTree = "<group>";
		};
/* End PBXGroup section */

/* Begin PBXNativeTarget section */
		9548094D2BA6DE730040F30D /* QKey */ = {
			isa = PBXNativeTarget;
			buildConfigurationList = 954809732BA6DE750040F30D /* Build configuration list for PBXNativeTarget "QKey" */;
			buildPhases = (
				9548094A2BA6DE730040F30D /* Sources */,
				9548094B2BA6DE730040F30D /* Frameworks */,
				9548094C2BA6DE730040F30D /* Resources */,
			);
			buildRules = (
			);
			dependencies = (
			);
			name = QKey;
			productName = QKey;
			productReference = 9548094E2BA6DE730040F30D /* QKey.app */;
			productType = "com.apple.product-type.application";
		};
		9548095E2BA6DE750040F30D /* QKeyTests */ = {
			isa = PBXNativeTarget;
			buildConfigurationList = 954809762BA6DE750040F30D /* Build configuration list for PBXNativeTarget "QKeyTests" */;
			buildPhases = (
				9548095B2BA6DE750040F30D /* Sources */,
				9548095C2BA6DE750040F30D /* Frameworks */,
				9548095D2BA6DE750040F30D /* Resources */,
			);
			buildRules = (
			);
			dependencies = (
				954809612BA6DE750040F30D /* PBXTargetDependency */,
			);
			name = QKeyTests;
			productName = QKeyTests;
			productReference = 9548095F2BA6DE750040F30D /* QKeyTests.xctest */;
			productType = "com.apple.product-type.bundle.unit-test";
		};
		954809682BA6DE750040F30D /* QKeyUITests */ = {
			isa = PBXNativeTarget;
			buildConfigurationList = 954809792BA6DE750040F30D /* Build configuration list for PBXNativeTarget "QKeyUITests" */;
			buildPhases = (
				954809652BA6DE750040F30D /* Sources */,
				954809662BA6DE750040F30D /* Frameworks */,
				954809672BA6DE750040F30D /* Resources */,
			);
			buildRules = (
			);
			dependencies = (
				9548096B2BA6DE750040F30D /* PBXTargetDependency */,
			);
			name = QKeyUITests;
			productName = QKeyUITests;
			productReference = 954809692BA6DE750040F30D /* QKeyUITests.xctest */;
			productType = "com.apple.product-type.bundle.ui-testing";
		};
/* End PBXNativeTarget section */

/* Begin PBXProject section */
		954809462BA6DE730040F30D /* Project object */ = {
			isa = PBXProject;
			attributes = {
				BuildIndependentTargetsInParallel = 1;
				LastSwiftUpdateCheck = 1420;
				LastUpgradeCheck = 1420;
				TargetAttributes = {
					9548094D2BA6DE730040F30D = {
						CreatedOnToolsVersion = 14.2;
					};
					9548095E2BA6DE750040F30D = {
						CreatedOnToolsVersion = 14.2;
						TestTargetID = 9548094D2BA6DE730040F30D;
					};
					954809682BA6DE750040F30D = {
						CreatedOnToolsVersion = 14.2;
						TestTargetID = 9548094D2BA6DE730040F30D;
					};
				};
			};
			buildConfigurationList = 954809492BA6DE730040F30D /* Build configuration list for PBXProject "QKey" */;
			compatibilityVersion = "Xcode 14.0";
			developmentRegion = en;
			hasScannedForEncodings = 0;
			knownRegions = (
				en,
				Base,
			);
			mainGroup = 954809452BA6DE730040F30D;
			productRefGroup = 9548094F2BA6DE730040F30D /* Products */;
			projectDirPath = "";
			projectRoot = "";
			targets = (
				9548094D2BA6DE730040F30D /* QKey */,
				9548095E2BA6DE750040F30D /* QKeyTests */,
				954809682BA6DE750040F30D /* QKeyUITests */,
			);
		};
/* End PBXProject section */

/* Begin PBXResourcesBuildPhase section */
		9548094C2BA6DE730040F30D /* Resources */ = {
			isa = PBXResourcesBuildPhase;
			buildActionMask = 2147483647;
			files = (
				9548095A2BA6DE750040F30D /* Preview Assets.xcassets in Resources */,
				954809562BA6DE750040F30D /* Assets.xcassets in Resources */,
			);
			runOnlyForDeploymentPostprocessing = 0;
		};
		9548095D2BA6DE750040F30D /* Resources */ = {
			isa = PBXResourcesBuildPhase;
			buildActionMask = 2147483647;
			files = (
			);
			runOnlyForDeploymentPostprocessing = 0;
		};
		954809672BA6DE750040F30D /* Resources */ = {
			isa = PBXResourcesBuildPhase;
			buildActionMask = 2147483647;
			files = (
			);
			runOnlyForDeploymentPostprocessing = 0;
		};
/* End PBXResourcesBuildPhase section */

/* Begin PBXSourcesBuildPhase section */
		9548094A2BA6DE730040F30D /* Sources */ = {
			isa = PBXSourcesBuildPhase;
			buildActionMask = 2147483647;
			files = (
				954809542BA6DE730040F30D /* ContentView.swift in Sources */,
				954809522BA6DE730040F30D /* QKeyApp.swift in Sources */,
			);
			runOnlyForDeploymentPostprocessing = 0;
		};
		9548095B2BA6DE750040F30D /* Sources */ = {
			isa = PBXSourcesBuildPhase;
			buildActionMask = 2147483647;
			files = (
				954809642BA6DE750040F30D /* QKeyTests.swift in Sources */,
			);
			runOnlyForDeploymentPostprocessing = 0;
		};
		954809652BA6DE750040F30D /* Sources */ = {
			isa = PBXSourcesBuildPhase;
			buildActionMask = 2147483647;
			files = (
				954809702BA6DE750040F30D /* QKeyUITestsLaunchTests.swift in Sources */,
				9548096E2BA6DE750040F30D /* QKeyUITests.swift in Sources */,
			);
			runOnlyForDeploymentPostprocessing = 0;
		};
/* End PBXSourcesBuildPhase section */

/* Begin PBXTargetDependency section */
		954809612BA6DE750040F30D /* PBXTargetDependency */ = {
			isa = PBXTargetDependency;
			target = 9548094D2BA6DE730040F30D /* QKey */;
			targetProxy = 954809602BA6DE750040F30D /* PBXContainerItemProxy */;
		};
		9548096B2BA6DE750040F30D /* PBXTargetDependency */ = {
			isa = PBXTargetDependency;
			target = 9548094D2BA6DE730040F30D /* QKey */;
			targetProxy = 9548096A2BA6DE750040F30D /* PBXContainerItemProxy */;
		};
/* End PBXTargetDependency section */

/* Begin XCBuildConfiguration section */
		954809712BA6DE750040F30D /* Debug */ = {
			isa = XCBuildConfiguration;
			buildSettings = {
				ALWAYS_SEARCH_USER_PATHS = NO;
				CLANG_ANALYZER_NONNULL = YES;
				CLANG_ANALYZER_NUMBER_OBJECT_CONVERSION = YES_AGGRESSIVE;
				CLANG_CXX_LANGUAGE_STANDARD = "gnu++20";
				CLANG_ENABLE_MODULES = YES;
				CLANG_ENABLE_OBJC_ARC = YES;
				CLANG_ENABLE_OBJC_WEAK = YES;
				CLANG_WARN_BLOCK_CAPTURE_AUTORELEASING = YES;
				CLANG_WARN_BOOL_CONVERSION = YES;
				CLANG_WARN_COMMA = YES;
				CLANG_WARN_CONSTANT_CONVERSION = YES;
				CLANG_WARN_DEPRECATED_OBJC_IMPLEMENTATIONS = YES;
				CLANG_WARN_DIRECT_OBJC_ISA_USAGE = YES_ERROR;
				CLANG_WARN_DOCUMENTATION_COMMENTS = YES;
				CLANG_WARN_EMPTY_BODY = YES;
				CLANG_WARN_ENUM_CONVERSION = YES;
				CLANG_WARN_INFINITE_RECURSION = YES;
				CLANG_WARN_INT_CONVERSION = YES;
				CLANG_WARN_NON_LITERAL_NULL_CONVERSION = YES;
				CLANG_WARN_OBJC_IMPLICIT_RETAIN_SELF = YES;
				CLANG_WARN_OBJC_LITERAL_CONVERSION = YES;
				CLANG_WARN_OBJC_ROOT_CLASS = YES_ERROR;
				CLANG_WARN_QUOTED_INCLUDE_IN_FRAMEWORK_HEADER = YES;
				CLANG_WARN_RANGE_LOOP_ANALYSIS = YES;
				CLANG_WARN_STRICT_PROTOTYPES = YES;
				CLANG_WARN_SUSPICIOUS_MOVE = YES;
				CLANG_WARN_UNGUARDED_AVAILABILITY = YES_AGGRESSIVE;
				CLANG_WARN_UNREACHABLE_CODE = YES;
				CLANG_WARN__DUPLICATE_METHOD_MATCH = YES;
				COPY_PHASE_STRIP = NO;
				DEBUG_INFORMATION_FORMAT = dwarf;
				ENABLE_STRICT_OBJC_MSGSEND = YES;
				ENABLE_TESTABILITY = YES;
				GCC_C_LANGUAGE_STANDARD = gnu11;
				GCC_DYNAMIC_NO_PIC = NO;
				GCC_NO_COMMON_BLOCKS = YES;
				GCC_OPTIMIZATION_LEVEL = 0;
				GCC_PREPROCESSOR_DEFINITIONS = (
					"DEBUG=1",
					"$(inherited)",
				);
				GCC_WARN_64_TO_32_BIT_CONVERSION = YES;
				GCC_WARN_ABOUT_RETURN_TYPE = YES_ERROR;
				GCC_WARN_UNDECLARED_SELECTOR = YES;
				GCC_WARN_UNINITIALIZED_AUTOS = YES_AGGRESSIVE;
				GCC_WARN_UNUSED_FUNCTION = YES;
				GCC_WARN_UNUSED_VARIABLE = YES;
				MTL_ENABLE_DEBUG_INFO = INCLUDE_SOURCE;
				MTL_FAST_MATH = YES;
				ONLY_ACTIVE_ARCH = YES;
				SWIFT_ACTIVE_COMPILATION_CONDITIONS = DEBUG;
				SWIFT_OPTIMIZATION_LEVEL = "-Onone";
			};
			name = Debug;
		};
		954809722BA6DE750040F30D /* Release */ = {
			isa = XCBuildConfiguration;
			buildSettings = {
				ALWAYS_SEARCH_USER_PATHS = NO;
				CLANG_ANALYZER_NONNULL = YES;
				CLANG_ANALYZER_NUMBER_OBJECT_CONVERSION = YES_AGGRESSIVE;
				CLANG_CXX_LANGUAGE_STANDARD = "gnu++20";
				CLANG_ENABLE_MODULES = YES;
				CLANG_ENABLE_OBJC_ARC = YES;
				CLANG_ENABLE_OBJC_WEAK = YES;
				CLANG_WARN_BLOCK_CAPTURE_AUTORELEASING = YES;
				CLANG_WARN_BOOL_CONVERSION = YES;
				CLANG_WARN_COMMA = YES;
				CLANG_WARN_CONSTANT_CONVERSION = YES;
				CLANG_WARN_DEPRECATED_OBJC_IMPLEMENTATIONS = YES;
				CLANG_WARN_DIRECT_OBJC_ISA_USAGE = YES_ERROR;
				CLANG_WARN_DOCUMENTATION_COMMENTS = YES;
				CLANG_WARN_EMPTY_BODY = YES;
				CLANG_WARN_ENUM_CONVERSION = YES;
				CLANG_WARN_INFINITE_RECURSION = YES;
				CLANG_WARN_INT_CONVERSION = YES;
				CLANG_WARN_NON_LITERAL_NULL_CONVERSION = YES;
				CLANG_WARN_OBJC_IMPLICIT_RETAIN_SELF = YES;
				CLANG_WARN_OBJC_LITERAL_CONVERSION = YES;
				CLANG_WARN_OBJC_ROOT_CLASS = YES_ERROR;
				CLANG_WARN_QUOTED_INCLUDE_IN_FRAMEWORK_HEADER = YES;
				CLANG_WARN_RANGE_LOOP_ANALYSIS = YES;
				CLANG_WARN_STRICT_PROTOTYPES = YES;
				CLANG_WARN_SUSPICIOUS_MOVE = YES;
				CLANG_WARN_UNGUARDED_AVAILABILITY = YES_AGGRESSIVE;
				CLANG_WARN_UNREACHABLE_CODE = YES;
				CLANG_WARN__DUPLICATE_METHOD_MATCH = YES;
				COPY_PHASE_STRIP = NO;
				DEBUG_INFORMATION_FORMAT = "dwarf-with-dsym";
				ENABLE_NS_ASSERTIONS = NO;
				ENABLE_STRICT_OBJC_MSGSEND = YES;
				GCC_C_LANGUAGE_STANDARD = gnu11;
				GCC_NO_COMMON_BLOCKS = YES;
				GCC_WARN_64_TO_32_BIT_CONVERSION = YES;
				GCC_WARN_ABOUT_RETURN_TYPE = YES_ERROR;
				GCC_WARN_UNDECLARED_SELECTOR = YES;
				GCC_WARN_UNINITIALIZED_AUTOS = YES_AGGRESSIVE;
				GCC_WARN_UNUSED_FUNCTION = YES;
				GCC_WARN_UNUSED_VARIABLE = YES;
				MTL_ENABLE_DEBUG_INFO = NO;
				MTL_FAST_MATH = YES;
				SWIFT_COMPILATION_MODE = wholemodule;
				SWIFT_OPTIMIZATION_LEVEL = "-O";
			};
			name = Release;
		};
		954809742BA6DE750040F30D /* Debug */ = {
			isa = XCBuildConfiguration;
			buildSettings = {
				ASSETCATALOG_COMPILER_APPICON_NAME = AppIcon;
				ASSETCATALOG_COMPILER_GLOBAL_ACCENT_COLOR_NAME = AccentColor;
				CODE_SIGN_ENTITLEMENTS = QKey/QKey.entitlements;
				CODE_SIGN_STYLE = Automatic;
				CURRENT_PROJECT_VERSION = 1;
				DEVELOPMENT_ASSET_PATHS = "\"QKey/Preview Content\"";
				ENABLE_PREVIEWS = YES;
				GENERATE_INFOPLIST_FILE = YES;
				"INFOPLIST_KEY_UIApplicationSceneManifest_Generation[sdk=iphoneos*]" = YES;
				"INFOPLIST_KEY_UIApplicationSceneManifest_Generation[sdk=iphonesimulator*]" = YES;
				"INFOPLIST_KEY_UIApplicationSupportsIndirectInputEvents[sdk=iphoneos*]" = YES;
				"INFOPLIST_KEY_UIApplicationSupportsIndirectInputEvents[sdk=iphonesimulator*]" = YES;
				"INFOPLIST_KEY_UILaunchScreen_Generation[sdk=iphoneos*]" = YES;
				"INFOPLIST_KEY_UILaunchScreen_Generation[sdk=iphonesimulator*]" = YES;
				"INFOPLIST_KEY_UIStatusBarStyle[sdk=iphoneos*]" = UIStatusBarStyleDefault;
				"INFOPLIST_KEY_UIStatusBarStyle[sdk=iphonesimulator*]" = UIStatusBarStyleDefault;
				INFOPLIST_KEY_UISupportedInterfaceOrientations_iPad = "UIInterfaceOrientationPortrait UIInterfaceOrientationPortraitUpsideDown UIInterfaceOrientationLandscapeLeft UIInterfaceOrientationLandscapeRight";
				INFOPLIST_KEY_UISupportedInterfaceOrientations_iPhone = "UIInterfaceOrientationPortrait UIInterfaceOrientationLandscapeLeft UIInterfaceOrientationLandscapeRight";
				IPHONEOS_DEPLOYMENT_TARGET = 16.2;
				LD_RUNPATH_SEARCH_PATHS = "@executable_path/Frameworks";
				"LD_RUNPATH_SEARCH_PATHS[sdk=macosx*]" = "@executable_path/../Frameworks";
				MACOSX_DEPLOYMENT_TARGET = 12.7;
				MARKETING_VERSION = 1.0;
				PRODUCT_BUNDLE_IDENTIFIER = redchen.QKey;
				PRODUCT_NAME = "$(TARGET_NAME)";
				SDKROOT = auto;
				SUPPORTED_PLATFORMS = "iphoneos iphonesimulator macosx";
				SWIFT_EMIT_LOC_STRINGS = YES;
				SWIFT_VERSION = 5.0;
				TARGETED_DEVICE_FAMILY = "1,2";
			};
			name = Debug;
		};
		954809752BA6DE750040F30D /* Release */ = {
			isa = XCBuildConfiguration;
			buildSettings = {
				ASSETCATALOG_COMPILER_APPICON_NAME = AppIcon;
				ASSETCATALOG_COMPILER_GLOBAL_ACCENT_COLOR_NAME = AccentColor;
				CODE_SIGN_ENTITLEMENTS = QKey/QKey.entitlements;
				CODE_SIGN_STYLE = Automatic;
				CURRENT_PROJECT_VERSION = 1;
				DEVELOPMENT_ASSET_PATHS = "\"QKey/Preview Content\"";
				ENABLE_PREVIEWS = YES;
				GENERATE_INFOPLIST_FILE = YES;
				"INFOPLIST_KEY_UIApplicationSceneManifest_Generation[sdk=iphoneos*]" = YES;
				"INFOPLIST_KEY_UIApplicationSceneManifest_Generation[sdk=iphonesimulator*]" = YES;
				"INFOPLIST_KEY_UIApplicationSupportsIndirectInputEvents[sdk=iphoneos*]" = YES;
				"INFOPLIST_KEY_UIApplicationSupportsIndirectInputEvents[sdk=iphonesimulator*]" = YES;
				"INFOPLIST_KEY_UILaunchScreen_Generation[sdk=iphoneos*]" = YES;
				"INFOPLIST_KEY_UILaunchScreen_Generation[sdk=iphonesimulator*]" = YES;
				"INFOPLIST_KEY_UIStatusBarStyle[sdk=iphoneos*]" = UIStatusBarStyleDefault;
				"INFOPLIST_KEY_UIStatusBarStyle[sdk=iphonesimulator*]" = UIStatusBarStyleDefault;
				INFOPLIST_KEY_UISupportedInterfaceOrientations_iPad = "UIInterfaceOrientationPortrait UIInterfaceOrientationPortraitUpsideDown UIInterfaceOrientationLandscapeLeft UIInterfaceOrientationLandscapeRight";
				INFOPLIST_KEY_UISupportedInterfaceOrientations_iPhone = "UIInterfaceOrientationPortrait UIInterfaceOrientationLandscapeLeft UIInterfaceOrientationLandscapeRight";
				IPHONEOS_DEPLOYMENT_TARGET = 16.2;
				LD_RUNPATH_SEARCH_PATHS = "@executable_path/Frameworks";
				"LD_RUNPATH_SEARCH_PATHS[sdk=macosx*]" = "@executable_path/../Frameworks";
				MACOSX_DEPLOYMENT_TARGET = 12.7;
				MARKETING_VERSION = 1.0;
				PRODUCT_BUNDLE_IDENTIFIER = redchen.QKey;
				PRODUCT_NAME = "$(TARGET_NAME)";
				SDKROOT = auto;
				SUPPORTED_PLATFORMS = "iphoneos iphonesimulator macosx";
				SWIFT_EMIT_LOC_STRINGS = YES;
				SWIFT_VERSION = 5.0;
				TARGETED_DEVICE_FAMILY = "1,2";
			};
			name = Release;
		};
		954809772BA6DE750040F30D /* Debug */ = {
			isa = XCBuildConfiguration;
			buildSettings = {
				ALWAYS_EMBED_SWIFT_STANDARD_LIBRARIES = YES;
				BUNDLE_LOADER = "$(TEST_HOST)";
				CODE_SIGN_STYLE = Automatic;
				CURRENT_PROJECT_VERSION = 1;
				GENERATE_INFOPLIST_FILE = YES;
				IPHONEOS_DEPLOYMENT_TARGET = 16.2;
				MACOSX_DEPLOYMENT_TARGET = 12.7;
				MARKETING_VERSION = 1.0;
				PRODUCT_BUNDLE_IDENTIFIER = redchen.QKeyTests;
				PRODUCT_NAME = "$(TARGET_NAME)";
				SDKROOT = auto;
				SUPPORTED_PLATFORMS = "iphoneos iphonesimulator macosx";
				SWIFT_EMIT_LOC_STRINGS = NO;
				SWIFT_VERSION = 5.0;
				TARGETED_DEVICE_FAMILY = "1,2";
				TEST_HOST = "$(BUILT_PRODUCTS_DIR)/QKey.app/$(BUNDLE_EXECUTABLE_FOLDER_PATH)/QKey";
			};
			name = Debug;
		};
		954809782BA6DE750040F30D /* Release */ = {
			isa = XCBuildConfiguration;
			buildSettings = {
				ALWAYS_EMBED_SWIFT_STANDARD_LIBRARIES = YES;
				BUNDLE_LOADER = "$(TEST_HOST)";
				CODE_SIGN_STYLE = Automatic;
				CURRENT_PROJECT_VERSION = 1;
				GENERATE_INFOPLIST_FILE = YES;
				IPHONEOS_DEPLOYMENT_TARGET = 16.2;
				MACOSX_DEPLOYMENT_TARGET = 12.7;
				MARKETING_VERSION = 1.0;
				PRODUCT_BUNDLE_IDENTIFIER = redchen.QKeyTests;
				PRODUCT_NAME = "$(TARGET_NAME)";
				SDKROOT = auto;
				SUPPORTED_PLATFORMS = "iphoneos iphonesimulator macosx";
				SWIFT_EMIT_LOC_STRINGS = NO;
				SWIFT_VERSION = 5.0;
				TARGETED_DEVICE_FAMILY = "1,2";
				TEST_HOST = "$(BUILT_PRODUCTS_DIR)/QKey.app/$(BUNDLE_EXECUTABLE_FOLDER_PATH)/QKey";
			};
			name = Release;
		};
		9548097A2BA6DE750040F30D /* Debug */ = {
			isa = XCBuildConfiguration;
			buildSettings = {
				ALWAYS_EMBED_SWIFT_STANDARD_LIBRARIES = YES;
				CODE_SIGN_STYLE = Automatic;
				CURRENT_PROJECT_VERSION = 1;
				GENERATE_INFOPLIST_FILE = YES;
				IPHONEOS_DEPLOYMENT_TARGET = 16.2;
				MACOSX_DEPLOYMENT_TARGET = 12.7;
				MARKETING_VERSION = 1.0;
				PRODUCT_BUNDLE_IDENTIFIER = redchen.QKeyUITests;
				PRODUCT_NAME = "$(TARGET_NAME)";
				SDKROOT = auto;
				SUPPORTED_PLATFORMS = "iphoneos iphonesimulator macosx";
				SWIFT_EMIT_LOC_STRINGS = NO;
				SWIFT_VERSION = 5.0;
				TARGETED_DEVICE_FAMILY = "1,2";
				TEST_TARGET_NAME = QKey;
			};
			name = Debug;
		};
		9548097B2BA6DE750040F30D /* Release */ = {
			isa = XCBuildConfiguration;
			buildSettings = {
				ALWAYS_EMBED_SWIFT_STANDARD_LIBRARIES = YES;
				CODE_SIGN_STYLE = Automatic;
				CURRENT_PROJECT_VERSION = 1;
				GENERATE_INFOPLIST_FILE = YES;
				IPHONEOS_DEPLOYMENT_TARGET = 16.2;
				MACOSX_DEPLOYMENT_TARGET = 12.7;
				MARKETING_VERSION = 1.0;
				PRODUCT_BUNDLE_IDENTIFIER = redchen.QKeyUITests;
				PRODUCT_NAME = "$(TARGET_NAME)";
				SDKROOT = auto;
				SUPPORTED_PLATFORMS = "iphoneos iphonesimulator macosx";
				SWIFT_EMIT_LOC_STRINGS = NO;
				SWIFT_VERSION = 5.0;
				TARGETED_DEVICE_FAMILY = "1,2";
				TEST_TARGET_NAME = QKey;
			};
			name = Release;
		};
/* End XCBuildConfiguration section */

/* Begin XCConfigurationList section */
		954809492BA6DE730040F30D /* Build configuration list for PBXProject "QKey" */ = {
			isa = XCConfigurationList;
			buildConfigurations = (
				954809712BA6DE750040F30D /* Debug */,
				954809722BA6DE750040F30D /* Release */,
			);
			defaultConfigurationIsVisible = 0;
			defaultConfigurationName = Release;
		};
		954809732BA6DE750040F30D /* Build configuration list for PBXNativeTarget "QKey" */ = {
			isa = XCConfigurationList;
			buildConfigurations = (
				954809742BA6DE750040F30D /* Debug */,
				954809752BA6DE750040F30D /* Release */,
			);
			defaultConfigurationIsVisible = 0;
			defaultConfigurationName = Release;
		};
		954809762BA6DE750040F30D /* Build configuration list for PBXNativeTarget "QKeyTests" */ = {
			isa = XCConfigurationList;
			buildConfigurations = (
				954809772BA6DE750040F30D /* Debug */,
				954809782BA6DE750040F30D /* Release */,
			);
			defaultConfigurationIsVisible = 0;
			defaultConfigurationName = Release;
		};
		954809792BA6DE750040F30D /* Build configuration list for PBXNativeTarget "QKeyUITests" */ = {
			isa = XCConfigurationList;
			buildConfigurations = (
				9548097A2BA6DE750040F30D /* Debug */,
				9548097B2BA6DE750040F30D /* Release */,
			);
			defaultConfigurationIsVisible = 0;
			defaultConfigurationName = Release;
		};
/* End XCConfigurationList section */
	};
	rootObject = 954809462BA6DE730040F30D /* Project object */;
}
